
Microsoft Visual Studio Solution File, Format Version 12.00
# Visual Studio Version 16
VisualStudioVersion = 16.0.30914.41
MinimumVisualStudioVersion = 10.0.40219.1
Project("{2150E333-8FDC-42A3-9474-1A3956D46DE8}") = "Samples", "Samples", "{9E6F9DB4-DC2A-4F71-94B8-4AF7361787D0}"
EndProject
Project("{9A19103F-16F7-4668-BE54-9A1E7A4F7556}") = "Mammoth.BigBrother.Akka.Monitoring", "Mammoth.BigBrother.Akka.Monitoring\Mammoth.BigBrother.Akka.Monitoring.csproj", "{82861FA7-FB20-447B-8389-9A7D5356F326}"
EndProject
Project("{9A19103F-16F7-4668-BE54-9A1E7A4F7556}") = "Mammoth.BigBrother.Monitoring", "Mammoth.BigBrother.Monitoring\Mammoth.BigBrother.Monitoring.csproj", "{61BDDDF0-9412-4240-BE8A-E9B37B33EE60}"
EndProject
Project("{2150E333-8FDC-42A3-9474-1A3956D46DE8}") = "BigBrother", "BigBrother", "{A08C0284-EE6F-4DE5-93A3-2A8D7334510E}"
EndProject
Project("{9A19103F-16F7-4668-BE54-9A1E7A4F7556}") = "Mammoth.BigBrother.Monitoring.Endpoint", "Mammoth.BigBrother.Monitoring.Endpoint\Mammoth.BigBrother.Monitoring.Endpoint.csproj", "{147B3EA9-5A23-49E2-BC4A-DDBF8CBF7256}"
EndProject
Project("{9A19103F-16F7-4668-BE54-9A1E7A4F7556}") = "Mammoth.BigBrother.Ui", "Mammoth.BigBrother.Ui\Mammoth.BigBrother.Ui.csproj", "{B23ADFEE-B922-4EDD-80BE-C234898A85B1}"
EndProject
Project("{FAE04EC0-301F-11D3-BF4B-00C04F79EFBC}") = "Frontend.net45", "Samples\Frontend.net45\Frontend.net45.csproj", "{CC03556A-1DEB-4A25-8FAC-B064221618C7}"
EndProject
Project("{9A19103F-16F7-4668-BE54-9A1E7A4F7556}") = "Frontend.2.2", "Samples\Frontend\Frontend.2.2.csproj", "{52D59D64-656C-43E4-9B53-443EC286D711}"
EndProject
Project("{9A19103F-16F7-4668-BE54-9A1E7A4F7556}") = "Frontend.3.1", "Samples\Frontend\Frontend.3.1.csproj", "{2F143666-88BA-4A8A-8B2D-DBB5C5B3BB9F}"
EndProject
Project("{9A19103F-16F7-4668-BE54-9A1E7A4F7556}") = "Frontend.5.0", "Samples\Frontend\Frontend.5.0.csproj", "{E712241D-81DF-403E-AE66-C161D3617765}"
EndProject
Global
	GlobalSection(SolutionConfigurationPlatforms) = preSolution
		Debug|Any CPU = Debug|Any CPU
		Release|Any CPU = Release|Any CPU
	EndGlobalSection
	GlobalSection(ProjectConfigurationPlatforms) = postSolution
		{82861FA7-FB20-447B-8389-9A7D5356F326}.Debug|Any CPU.ActiveCfg = Debug|Any CPU
		{82861FA7-FB20-447B-8389-9A7D5356F326}.Debug|Any CPU.Build.0 = Debug|Any CPU
		{82861FA7-FB20-447B-8389-9A7D5356F326}.Release|Any CPU.ActiveCfg = Release|Any CPU
		{82861FA7-FB20-447B-8389-9A7D5356F326}.Release|Any CPU.Build.0 = Release|Any CPU
		{61BDDDF0-9412-4240-BE8A-E9B37B33EE60}.Debug|Any CPU.ActiveCfg = Debug|Any CPU
		{61BDDDF0-9412-4240-BE8A-E9B37B33EE60}.Debug|Any CPU.Build.0 = Debug|Any CPU
		{61BDDDF0-9412-4240-BE8A-E9B37B33EE60}.Release|Any CPU.ActiveCfg = Release|Any CPU
		{61BDDDF0-9412-4240-BE8A-E9B37B33EE60}.Release|Any CPU.Build.0 = Release|Any CPU
		{147B3EA9-5A23-49E2-BC4A-DDBF8CBF7256}.Debug|Any CPU.ActiveCfg = Debug|Any CPU
		{147B3EA9-5A23-49E2-BC4A-DDBF8CBF7256}.Debug|Any CPU.Build.0 = Debug|Any CPU
		{147B3EA9-5A23-49E2-BC4A-DDBF8CBF7256}.Release|Any CPU.ActiveCfg = Release|Any CPU
		{147B3EA9-5A23-49E2-BC4A-DDBF8CBF7256}.Release|Any CPU.Build.0 = Release|Any CPU
		{B23ADFEE-B922-4EDD-80BE-C234898A85B1}.Debug|Any CPU.ActiveCfg = Debug|Any CPU
		{B23ADFEE-B922-4EDD-80BE-C234898A85B1}.Debug|Any CPU.Build.0 = Debug|Any CPU
		{B23ADFEE-B922-4EDD-80BE-C234898A85B1}.Release|Any CPU.ActiveCfg = Release|Any CPU
		{B23ADFEE-B922-4EDD-80BE-C234898A85B1}.Release|Any CPU.Build.0 = Release|Any CPU
		{CC03556A-1DEB-4A25-8FAC-B064221618C7}.Debug|Any CPU.ActiveCfg = Debug|Any CPU
		{CC03556A-1DEB-4A25-8FAC-B064221618C7}.Debug|Any CPU.Build.0 = Debug|Any CPU
		{CC03556A-1DEB-4A25-8FAC-B064221618C7}.Release|Any CPU.ActiveCfg = Release|Any CPU
		{CC03556A-1DEB-4A25-8FAC-B064221618C7}.Release|Any CPU.Build.0 = Release|Any CPU
		{52D59D64-656C-43E4-9B53-443EC286D711}.Debug|Any CPU.ActiveCfg = Debug|Any CPU
		{52D59D64-656C-43E4-9B53-443EC286D711}.Debug|Any CPU.Build.0 = Debug|Any CPU
		{52D59D64-656C-43E4-9B53-443EC286D711}.Release|Any CPU.ActiveCfg = Release|Any CPU
		{52D59D64-656C-43E4-9B53-443EC286D711}.Release|Any CPU.Build.0 = Release|Any CPU
		{2F143666-88BA-4A8A-8B2D-DBB5C5B3BB9F}.Debug|Any CPU.ActiveCfg = Debug|Any CPU
		{2F143666-88BA-4A8A-8B2D-DBB5C5B3BB9F}.Debug|Any CPU.Build.0 = Debug|Any CPU
		{2F143666-88BA-4A8A-8B2D-DBB5C5B3BB9F}.Release|Any CPU.ActiveCfg = Release|Any CPU
		{2F143666-88BA-4A8A-8B2D-DBB5C5B3BB9F}.Release|Any CPU.Build.0 = Release|Any CPU
		{E712241D-81DF-403E-AE66-C161D3617765}.Debug|Any CPU.ActiveCfg = Debug|Any CPU
		{E712241D-81DF-403E-AE66-C161D3617765}.Debug|Any CPU.Build.0 = Debug|Any CPU
		{E712241D-81DF-403E-AE66-C161D3617765}.Release|Any CPU.ActiveCfg = Release|Any CPU
		{E712241D-81DF-403E-AE66-C161D3617765}.Release|Any CPU.Build.0 = Release|Any CPU
	EndGlobalSection
	GlobalSection(SolutionProperties) = preSolution
		HideSolutionNode = FALSE
	EndGlobalSection
	GlobalSection(NestedProjects) = preSolution
		{82861FA7-FB20-447B-8389-9A7D5356F326} = {A08C0284-EE6F-4DE5-93A3-2A8D7334510E}
		{61BDDDF0-9412-4240-BE8A-E9B37B33EE60} = {A08C0284-EE6F-4DE5-93A3-2A8D7334510E}
		{147B3EA9-5A23-49E2-BC4A-DDBF8CBF7256} = {A08C0284-EE6F-4DE5-93A3-2A8D7334510E}
		{B23ADFEE-B922-4EDD-80BE-C234898A85B1} = {A08C0284-EE6F-4DE5-93A3-2A8D7334510E}
		{CC03556A-1DEB-4A25-8FAC-B064221618C7} = {9E6F9DB4-DC2A-4F71-94B8-4AF7361787D0}
		{52D59D64-656C-43E4-9B53-443EC286D711} = {9E6F9DB4-DC2A-4F71-94B8-4AF7361787D0}
		{2F143666-88BA-4A8A-8B2D-DBB5C5B3BB9F} = {9E6F9DB4-DC2A-4F71-94B8-4AF7361787D0}
		{E712241D-81DF-403E-AE66-C161D3617765} = {9E6F9DB4-DC2A-4F71-94B8-4AF7361787D0}
	EndGlobalSection
	GlobalSection(ExtensibilityGlobals) = postSolution
		SolutionGuid = {63F07A42-B2CD-4632-BBEB-C9A0ADB1600E}
	EndGlobalSection
EndGlobal
